
Microsoft Visual Studio Solution File, Format Version 12.00
# Visual Studio Version 17
VisualStudioVersion = 17.4.33103.184
MinimumVisualStudioVersion = 10.0.40219.1
Project("{9A19103F-16F7-4668-BE54-9A1E7A4F7556}") = "BlazorEcommerce.Server", "BlazorEcommerce\Server\BlazorEcommerce.Server.csproj", "{20183E2C-77FE-4CE9-AE54-9ECF272DCB58}"
EndProject
Project("{9A19103F-16F7-4668-BE54-9A1E7A4F7556}") = "BlazorEcommerce.Client", "BlazorEcommerce\Client\BlazorEcommerce.Client.csproj", "{D1995442-EE17-4220-A0CC-AC71E71AAD3C}"
EndProject
Project("{9A19103F-16F7-4668-BE54-9A1E7A4F7556}") = "BlazorEcommerce.Shared", "BlazorEcommerce\Shared\BlazorEcommerce.Shared.csproj", "{CBAE2DF8-9715-4951-82D5-DAC1A7340957}"
EndProject
Global
	GlobalSection(SolutionConfigurationPlatforms) = preSolution
		Debug|Any CPU = Debug|Any CPU
		Release|Any CPU = Release|Any CPU
	EndGlobalSection
	GlobalSection(ProjectConfigurationPlatforms) = postSolution
		{20183E2C-77FE-4CE9-AE54-9ECF272DCB58}.Debug|Any CPU.ActiveCfg = Debug|Any CPU
		{20183E2C-77FE-4CE9-AE54-9ECF272DCB58}.Debug|Any CPU.Build.0 = Debug|Any CPU
		{20183E2C-77FE-4CE9-AE54-9ECF272DCB58}.Release|Any CPU.ActiveCfg = Release|Any CPU
		{20183E2C-77FE-4CE9-AE54-9ECF272DCB58}.Release|Any CPU.Build.0 = Release|Any CPU
		{D1995442-EE17-4220-A0CC-AC71E71AAD3C}.Debug|Any CPU.ActiveCfg = Debug|Any CPU
		{D1995442-EE17-4220-A0CC-AC71E71AAD3C}.Debug|Any CPU.Build.0 = Debug|Any CPU
		{D1995442-EE17-4220-A0CC-AC71E71AAD3C}.Release|Any CPU.ActiveCfg = Release|Any CPU
		{D1995442-EE17-4220-A0CC-AC71E71AAD3C}.Release|Any CPU.Build.0 = Release|Any CPU
		{CBAE2DF8-9715-4951-82D5-DAC1A7340957}.Debug|Any CPU.ActiveCfg = Debug|Any CPU
		{CBAE2DF8-9715-4951-82D5-DAC1A7340957}.Debug|Any CPU.Build.0 = Debug|Any CPU
		{CBAE2DF8-9715-4951-82D5-DAC1A7340957}.Release|Any CPU.ActiveCfg = Release|Any CPU
		{CBAE2DF8-9715-4951-82D5-DAC1A7340957}.Release|Any CPU.Build.0 = Release|Any CPU
	EndGlobalSection
	GlobalSection(SolutionProperties) = preSolution
		HideSolutionNode = FALSE
	EndGlobalSection
	GlobalSection(ExtensibilityGlobals) = postSolution
		SolutionGuid = {906922EC-CD8E-4600-81B0-0D72C8BEA36B}
	EndGlobalSection
EndGlobal
